// !$*UTF8*$!
{
	archiveVersion = 1;
	classes = {
	};
	objectVersion = 46;
	objects = {

/* Begin PBXBuildFile section */
		98648F541CF1EF31009365C5 /* AppDelegate.swift in Sources */ = {isa = PBXBuildFile; fileRef = 98648F531CF1EF31009365C5 /* AppDelegate.swift */; };
		98648F5B1CF1EF31009365C5 /* Assets.xcassets in Resources */ = {isa = PBXBuildFile; fileRef = 98648F5A1CF1EF31009365C5 /* Assets.xcassets */; };
		98648F5E1CF1EF31009365C5 /* LaunchScreen.storyboard in Resources */ = {isa = PBXBuildFile; fileRef = 98648F5C1CF1EF31009365C5 /* LaunchScreen.storyboard */; };
		98648F691CF1EF31009365C5 /* SCMultipleTableViewTests.swift in Sources */ = {isa = PBXBuildFile; fileRef = 98648F681CF1EF31009365C5 /* SCMultipleTableViewTests.swift */; };
		98648F741CF1EF31009365C5 /* SCMultipleTableViewUITests.swift in Sources */ = {isa = PBXBuildFile; fileRef = 98648F731CF1EF31009365C5 /* SCMultipleTableViewUITests.swift */; };
		98648F821CF1EF80009365C5 /* SCMultipleTableView.swift in Sources */ = {isa = PBXBuildFile; fileRef = 98648F811CF1EF80009365C5 /* SCMultipleTableView.swift */; };
		98648F841CF1F27E009365C5 /* NationMenuListSectionHeadView.swift in Sources */ = {isa = PBXBuildFile; fileRef = 98648F831CF1F27E009365C5 /* NationMenuListSectionHeadView.swift */; };
		98648F861CF1F57A009365C5 /* TableViewController.swift in Sources */ = {isa = PBXBuildFile; fileRef = 98648F851CF1F57A009365C5 /* TableViewController.swift */; };
		98648F881CF201A5009365C5 /* SCMultipleTableView.podspec in Resources */ = {isa = PBXBuildFile; fileRef = 98648F871CF201A5009365C5 /* SCMultipleTableView.podspec */; };
/* End PBXBuildFile section */

/* Begin PBXContainerItemProxy section */
		98648F651CF1EF31009365C5 /* PBXContainerItemProxy */ = {
			isa = PBXContainerItemProxy;
			containerPortal = 98648F481CF1EF30009365C5 /* Project object */;
			proxyType = 1;
			remoteGlobalIDString = 98648F4F1CF1EF31009365C5;
			remoteInfo = SCMultipleTableView;
		};
		98648F701CF1EF31009365C5 /* PBXContainerItemProxy */ = {
			isa = PBXContainerItemProxy;
			containerPortal = 98648F481CF1EF30009365C5 /* Project object */;
			proxyType = 1;
			remoteGlobalIDString = 98648F4F1CF1EF31009365C5;
			remoteInfo = SCMultipleTableView;
		};
/* End PBXContainerItemProxy section */

/* Begin PBXFileReference section */
		98648F501CF1EF31009365C5 /* SCMultipleTableView.app */ = {isa = PBXFileReference; explicitFileType = wrapper.application; includeInIndex = 0; path = SCMultipleTableView.app; sourceTree = BUILT_PRODUCTS_DIR; };
		98648F531CF1EF31009365C5 /* AppDelegate.swift */ = {isa = PBXFileReference; lastKnownFileType = sourcecode.swift; path = AppDelegate.swift; sourceTree = "<group>"; };
		98648F5A1CF1EF31009365C5 /* Assets.xcassets */ = {isa = PBXFileReference; lastKnownFileType = folder.assetcatalog; path = Assets.xcassets; sourceTree = "<group>"; };
		98648F5D1CF1EF31009365C5 /* Base */ = {isa = PBXFileReference; lastKnownFileType = file.storyboard; name = Base; path = Base.lproj/LaunchScreen.storyboard; sourceTree = "<group>"; };
		98648F5F1CF1EF31009365C5 /* Info.plist */ = {isa = PBXFileReference; lastKnownFileType = text.plist.xml; path = Info.plist; sourceTree = "<group>"; };
		98648F641CF1EF31009365C5 /* SCMultipleTableViewTests.xctest */ = {isa = PBXFileReference; explicitFileType = wrapper.cfbundle; includeInIndex = 0; path = SCMultipleTableViewTests.xctest; sourceTree = BUILT_PRODUCTS_DIR; };
		98648F681CF1EF31009365C5 /* SCMultipleTableViewTests.swift */ = {isa = PBXFileReference; lastKnownFileType = sourcecode.swift; path = SCMultipleTableViewTests.swift; sourceTree = "<group>"; };
		98648F6A1CF1EF31009365C5 /* Info.plist */ = {isa = PBXFileReference; lastKnownFileType = text.plist.xml; path = Info.plist; sourceTree = "<group>"; };
		98648F6F1CF1EF31009365C5 /* SCMultipleTableViewUITests.xctest */ = {isa = PBXFileReference; explicitFileType = wrapper.cfbundle; includeInIndex = 0; path = SCMultipleTableViewUITests.xctest; sourceTree = BUILT_PRODUCTS_DIR; };
		98648F731CF1EF31009365C5 /* SCMultipleTableViewUITests.swift */ = {isa = PBXFileReference; lastKnownFileType = sourcecode.swift; path = SCMultipleTableViewUITests.swift; sourceTree = "<group>"; };
		98648F751CF1EF31009365C5 /* Info.plist */ = {isa = PBXFileReference; lastKnownFileType = text.plist.xml; path = Info.plist; sourceTree = "<group>"; };
		98648F811CF1EF80009365C5 /* SCMultipleTableView.swift */ = {isa = PBXFileReference; fileEncoding = 4; lastKnownFileType = sourcecode.swift; path = SCMultipleTableView.swift; sourceTree = "<group>"; };
		98648F831CF1F27E009365C5 /* NationMenuListSectionHeadView.swift */ = {isa = PBXFileReference; fileEncoding = 4; lastKnownFileType = sourcecode.swift; path = NationMenuListSectionHeadView.swift; sourceTree = "<group>"; };
		98648F851CF1F57A009365C5 /* TableViewController.swift */ = {isa = PBXFileReference; fileEncoding = 4; lastKnownFileType = sourcecode.swift; path = TableViewController.swift; sourceTree = "<group>"; };
		98648F871CF201A5009365C5 /* SCMultipleTableView.podspec */ = {isa = PBXFileReference; fileEncoding = 4; lastKnownFileType = text; path = SCMultipleTableView.podspec; sourceTree = "<group>"; };
/* End PBXFileReference section */

/* Begin PBXFrameworksBuildPhase section */
		98648F4D1CF1EF31009365C5 /* Frameworks */ = {
			isa = PBXFrameworksBuildPhase;
			buildActionMask = 2147483647;
			files = (
			);
			runOnlyForDeploymentPostprocessing = 0;
		};
		98648F611CF1EF31009365C5 /* Frameworks */ = {
			isa = PBXFrameworksBuildPhase;
			buildActionMask = 2147483647;
			files = (
			);
			runOnlyForDeploymentPostprocessing = 0;
		};
		98648F6C1CF1EF31009365C5 /* Frameworks */ = {
			isa = PBXFrameworksBuildPhase;
			buildActionMask = 2147483647;
			files = (
			);
			runOnlyForDeploymentPostprocessing = 0;
		};
/* End PBXFrameworksBuildPhase section */

/* Begin PBXGroup section */
		98648F471CF1EF30009365C5 = {
			isa = PBXGroup;
			children = (
				98648F871CF201A5009365C5 /* SCMultipleTableView.podspec */,
				98648F521CF1EF31009365C5 /* SCMultipleTableView */,
				98648F671CF1EF31009365C5 /* SCMultipleTableViewTests */,
				98648F721CF1EF31009365C5 /* SCMultipleTableViewUITests */,
				98648F511CF1EF31009365C5 /* Products */,
			);
			sourceTree = "<group>";
		};
		98648F511CF1EF31009365C5 /* Products */ = {
			isa = PBXGroup;
			children = (
				98648F501CF1EF31009365C5 /* SCMultipleTableView.app */,
				98648F641CF1EF31009365C5 /* SCMultipleTableViewTests.xctest */,
				98648F6F1CF1EF31009365C5 /* SCMultipleTableViewUITests.xctest */,
			);
			name = Products;
			sourceTree = "<group>";
		};
		98648F521CF1EF31009365C5 /* SCMultipleTableView */ = {
			isa = PBXGroup;
			children = (
				98648F831CF1F27E009365C5 /* NationMenuListSectionHeadView.swift */,
				98648F811CF1EF80009365C5 /* SCMultipleTableView.swift */,
				98648F531CF1EF31009365C5 /* AppDelegate.swift */,
				98648F5A1CF1EF31009365C5 /* Assets.xcassets */,
				98648F5C1CF1EF31009365C5 /* LaunchScreen.storyboard */,
				98648F5F1CF1EF31009365C5 /* Info.plist */,
				98648F851CF1F57A009365C5 /* TableViewController.swift */,
			);
			path = SCMultipleTableView;
			sourceTree = "<group>";
		};
		98648F671CF1EF31009365C5 /* SCMultipleTableViewTests */ = {
			isa = PBXGroup;
			children = (
				98648F681CF1EF31009365C5 /* SCMultipleTableViewTests.swift */,
				98648F6A1CF1EF31009365C5 /* Info.plist */,
			);
			path = SCMultipleTableViewTests;
			sourceTree = "<group>";
		};
		98648F721CF1EF31009365C5 /* SCMultipleTableViewUITests */ = {
			isa = PBXGroup;
			children = (
				98648F731CF1EF31009365C5 /* SCMultipleTableViewUITests.swift */,
				98648F751CF1EF31009365C5 /* Info.plist */,
			);
			path = SCMultipleTableViewUITests;
			sourceTree = "<group>";
		};
/* End PBXGroup section */

/* Begin PBXNativeTarget section */
		98648F4F1CF1EF31009365C5 /* SCMultipleTableView */ = {
			isa = PBXNativeTarget;
			buildConfigurationList = 98648F781CF1EF31009365C5 /* Build configuration list for PBXNativeTarget "SCMultipleTableView" */;
			buildPhases = (
				98648F4C1CF1EF31009365C5 /* Sources */,
				98648F4D1CF1EF31009365C5 /* Frameworks */,
				98648F4E1CF1EF31009365C5 /* Resources */,
			);
			buildRules = (
			);
			dependencies = (
			);
			name = SCMultipleTableView;
			productName = SCMultipleTableView;
			productReference = 98648F501CF1EF31009365C5 /* SCMultipleTableView.app */;
			productType = "com.apple.product-type.application";
		};
		98648F631CF1EF31009365C5 /* SCMultipleTableViewTests */ = {
			isa = PBXNativeTarget;
			buildConfigurationList = 98648F7B1CF1EF31009365C5 /* Build configuration list for PBXNativeTarget "SCMultipleTableViewTests" */;
			buildPhases = (
				98648F601CF1EF31009365C5 /* Sources */,
				98648F611CF1EF31009365C5 /* Frameworks */,
				98648F621CF1EF31009365C5 /* Resources */,
			);
			buildRules = (
			);
			dependencies = (
				98648F661CF1EF31009365C5 /* PBXTargetDependency */,
			);
			name = SCMultipleTableViewTests;
			productName = SCMultipleTableViewTests;
			productReference = 98648F641CF1EF31009365C5 /* SCMultipleTableViewTests.xctest */;
			productType = "com.apple.product-type.bundle.unit-test";
		};
		98648F6E1CF1EF31009365C5 /* SCMultipleTableViewUITests */ = {
			isa = PBXNativeTarget;
			buildConfigurationList = 98648F7E1CF1EF31009365C5 /* Build configuration list for PBXNativeTarget "SCMultipleTableViewUITests" */;
			buildPhases = (
				98648F6B1CF1EF31009365C5 /* Sources */,
				98648F6C1CF1EF31009365C5 /* Frameworks */,
				98648F6D1CF1EF31009365C5 /* Resources */,
			);
			buildRules = (
			);
			dependencies = (
				98648F711CF1EF31009365C5 /* PBXTargetDependency */,
			);
			name = SCMultipleTableViewUITests;
			productName = SCMultipleTableViewUITests;
			productReference = 98648F6F1CF1EF31009365C5 /* SCMultipleTableViewUITests.xctest */;
			productType = "com.apple.product-type.bundle.ui-testing";
		};
/* End PBXNativeTarget section */

/* Begin PBXProject section */
		98648F481CF1EF30009365C5 /* Project object */ = {
			isa = PBXProject;
			attributes = {
				LastSwiftUpdateCheck = 0730;
				LastUpgradeCheck = 0730;
				ORGANIZATIONNAME = crash;
				TargetAttributes = {
					98648F4F1CF1EF31009365C5 = {
						CreatedOnToolsVersion = 7.3.1;
					};
					98648F631CF1EF31009365C5 = {
						CreatedOnToolsVersion = 7.3.1;
						TestTargetID = 98648F4F1CF1EF31009365C5;
					};
					98648F6E1CF1EF31009365C5 = {
						CreatedOnToolsVersion = 7.3.1;
						TestTargetID = 98648F4F1CF1EF31009365C5;
					};
				};
			};
			buildConfigurationList = 98648F4B1CF1EF30009365C5 /* Build configuration list for PBXProject "SCMultipleTableView" */;
			compatibilityVersion = "Xcode 3.2";
			developmentRegion = English;
			hasScannedForEncodings = 0;
			knownRegions = (
				en,
				Base,
			);
			mainGroup = 98648F471CF1EF30009365C5;
			productRefGroup = 98648F511CF1EF31009365C5 /* Products */;
			projectDirPath = "";
			projectRoot = "";
			targets = (
				98648F4F1CF1EF31009365C5 /* SCMultipleTableView */,
				98648F631CF1EF31009365C5 /* SCMultipleTableViewTests */,
				98648F6E1CF1EF31009365C5 /* SCMultipleTableViewUITests */,
			);
		};
/* End PBXProject section */

/* Begin PBXResourcesBuildPhase section */
		98648F4E1CF1EF31009365C5 /* Resources */ = {
			isa = PBXResourcesBuildPhase;
			buildActionMask = 2147483647;
			files = (
				98648F5E1CF1EF31009365C5 /* LaunchScreen.storyboard in Resources */,
				98648F881CF201A5009365C5 /* SCMultipleTableView.podspec in Resources */,
				98648F5B1CF1EF31009365C5 /* Assets.xcassets in Resources */,
			);
			runOnlyForDeploymentPostprocessing = 0;
		};
		98648F621CF1EF31009365C5 /* Resources */ = {
			isa = PBXResourcesBuildPhase;
			buildActionMask = 2147483647;
			files = (
			);
			runOnlyForDeploymentPostprocessing = 0;
		};
		98648F6D1CF1EF31009365C5 /* Resources */ = {
			isa = PBXResourcesBuildPhase;
			buildActionMask = 2147483647;
			files = (
			);
			runOnlyForDeploymentPostprocessing = 0;
		};
/* End PBXResourcesBuildPhase section */

/* Begin PBXSourcesBuildPhase section */
		98648F4C1CF1EF31009365C5 /* Sources */ = {
			isa = PBXSourcesBuildPhase;
			buildActionMask = 2147483647;
			files = (
				98648F821CF1EF80009365C5 /* SCMultipleTableView.swift in Sources */,
				98648F841CF1F27E009365C5 /* NationMenuListSectionHeadView.swift in Sources */,
				98648F861CF1F57A009365C5 /* TableViewController.swift in Sources */,
				98648F541CF1EF31009365C5 /* AppDelegate.swift in Sources */,
			);
			runOnlyForDeploymentPostprocessing = 0;
		};
		98648F601CF1EF31009365C5 /* Sources */ = {
			isa = PBXSourcesBuildPhase;
			buildActionMask = 2147483647;
			files = (
				98648F691CF1EF31009365C5 /* SCMultipleTableViewTests.swift in Sources */,
			);
			runOnlyForDeploymentPostprocessing = 0;
		};
		98648F6B1CF1EF31009365C5 /* Sources */ = {
			isa = PBXSourcesBuildPhase;
			buildActionMask = 2147483647;
			files = (
				98648F741CF1EF31009365C5 /* SCMultipleTableViewUITests.swift in Sources */,
			);
			runOnlyForDeploymentPostprocessing = 0;
		};
/* End PBXSourcesBuildPhase section */

/* Begin PBXTargetDependency section */
		98648F661CF1EF31009365C5 /* PBXTargetDependency */ = {
			isa = PBXTargetDependency;
			target = 98648F4F1CF1EF31009365C5 /* SCMultipleTableView */;
			targetProxy = 98648F651CF1EF31009365C5 /* PBXContainerItemProxy */;
		};
		98648F711CF1EF31009365C5 /* PBXTargetDependency */ = {
			isa = PBXTargetDependency;
			target = 98648F4F1CF1EF31009365C5 /* SCMultipleTableView */;
			targetProxy = 98648F701CF1EF31009365C5 /* PBXContainerItemProxy */;
		};
/* End PBXTargetDependency section */

/* Begin PBXVariantGroup section */
		98648F5C1CF1EF31009365C5 /* LaunchScreen.storyboard */ = {
			isa = PBXVariantGroup;
			children = (
				98648F5D1CF1EF31009365C5 /* Base */,
			);
			name = LaunchScreen.storyboard;
			sourceTree = "<group>";
		};
/* End PBXVariantGroup section */

/* Begin XCBuildConfiguration section */
		98648F761CF1EF31009365C5 /* Debug */ = {
			isa = XCBuildConfiguration;
			buildSettings = {
				ALWAYS_SEARCH_USER_PATHS = NO;
				CLANG_ANALYZER_NONNULL = YES;
				CLANG_CXX_LANGUAGE_STANDARD = "gnu++0x";
				CLANG_CXX_LIBRARY = "libc++";
				CLANG_ENABLE_MODULES = YES;
				CLANG_ENABLE_OBJC_ARC = YES;
				CLANG_WARN_BOOL_CONVERSION = YES;
				CLANG_WARN_CONSTANT_CONVERSION = YES;
				CLANG_WARN_DIRECT_OBJC_ISA_USAGE = YES_ERROR;
				CLANG_WARN_EMPTY_BODY = YES;
				CLANG_WARN_ENUM_CONVERSION = YES;
				CLANG_WARN_INT_CONVERSION = YES;
				CLANG_WARN_OBJC_ROOT_CLASS = YES_ERROR;
				CLANG_WARN_UNREACHABLE_CODE = YES;
				CLANG_WARN__DUPLICATE_METHOD_MATCH = YES;
				"CODE_SIGN_IDENTITY[sdk=iphoneos*]" = "iPhone Developer";
				COPY_PHASE_STRIP = NO;
				DEBUG_INFORMATION_FORMAT = dwarf;
				ENABLE_STRICT_OBJC_MSGSEND = YES;
				ENABLE_TESTABILITY = YES;
				GCC_C_LANGUAGE_STANDARD = gnu99;
				GCC_DYNAMIC_NO_PIC = NO;
				GCC_NO_COMMON_BLOCKS = YES;
				GCC_OPTIMIZATION_LEVEL = 0;
				GCC_PREPROCESSOR_DEFINITIONS = (
					"DEBUG=1",
					"$(inherited)",
				);
				GCC_WARN_64_TO_32_BIT_CONVERSION = YES;
				GCC_WARN_ABOUT_RETURN_TYPE = YES_ERROR;
				GCC_WARN_UNDECLARED_SELECTOR = YES;
				GCC_WARN_UNINITIALIZED_AUTOS = YES_AGGRESSIVE;
				GCC_WARN_UNUSED_FUNCTION = YES;
				GCC_WARN_UNUSED_VARIABLE = YES;
				IPHONEOS_DEPLOYMENT_TARGET = 9.3;
				MTL_ENABLE_DEBUG_INFO = YES;
				ONLY_ACTIVE_ARCH = YES;
				SDKROOT = iphoneos;
				SWIFT_OPTIMIZATION_LEVEL = "-Onone";
			};
			name = Debug;
		};
		98648F771CF1EF31009365C5 /* Release */ = {
			isa = XCBuildConfiguration;
			buildSettings = {
				ALWAYS_SEARCH_USER_PATHS = NO;
				CLANG_ANALYZER_NONNULL = YES;
				CLANG_CXX_LANGUAGE_STANDARD = "gnu++0x";
				CLANG_CXX_LIBRARY = "libc++";
				CLANG_ENABLE_MODULES = YES;
				CLANG_ENABLE_OBJC_ARC = YES;
				CLANG_WARN_BOOL_CONVERSION = YES;
				CLANG_WARN_CONSTANT_CONVERSION = YES;
				CLANG_WARN_DIRECT_OBJC_ISA_USAGE = YES_ERROR;
				CLANG_WARN_EMPTY_BODY = YES;
				CLANG_WARN_ENUM_CONVERSION = YES;
				CLANG_WARN_INT_CONVERSION = YES;
				CLANG_WARN_OBJC_ROOT_CLASS = YES_ERROR;
				CLANG_WARN_UNREACHABLE_CODE = YES;
				CLANG_WARN__DUPLICATE_METHOD_MATCH = YES;
				"CODE_SIGN_IDENTITY[sdk=iphoneos*]" = "iPhone Developer";
				COPY_PHASE_STRIP = NO;
				DEBUG_INFORMATION_FORMAT = "dwarf-with-dsym";
				ENABLE_NS_ASSERTIONS = NO;
				ENABLE_STRICT_OBJC_MSGSEND = YES;
				GCC_C_LANGUAGE_STANDARD = gnu99;
				GCC_NO_COMMON_BLOCKS = YES;
				GCC_WARN_64_TO_32_BIT_CONVERSION = YES;
				GCC_WARN_ABOUT_RETURN_TYPE = YES_ERROR;
				GCC_WARN_UNDECLARED_SELECTOR = YES;
				GCC_WARN_UNINITIALIZED_AUTOS = YES_AGGRESSIVE;
				GCC_WARN_UNUSED_FUNCTION = YES;
				GCC_WARN_UNUSED_VARIABLE = YES;
				IPHONEOS_DEPLOYMENT_TARGET = 9.3;
				MTL_ENABLE_DEBUG_INFO = NO;
				SDKROOT = iphoneos;
				VALIDATE_PRODUCT = YES;
			};
			name = Release;
		};
		98648F791CF1EF31009365C5 /* Debug */ = {
			isa = XCBuildConfiguration;
			buildSettings = {
				ASSETCATALOG_COMPILER_APPICON_NAME = AppIcon;
				INFOPLIST_FILE = SCMultipleTableView/Info.plist;
				LD_RUNPATH_SEARCH_PATHS = "$(inherited) @executable_path/Frameworks";
				PRODUCT_BUNDLE_IDENTIFIER = com.southgis.SCMultipleTableView;
				PRODUCT_NAME = "$(TARGET_NAME)";
			};
			name = Debug;
		};
		98648F7A1CF1EF31009365C5 /* Release */ = {
			isa = XCBuildConfiguration;
			buildSettings = {
				ASSETCATALOG_COMPILER_APPICON_NAME = AppIcon;
				INFOPLIST_FILE = SCMultipleTableView/Info.plist;
				LD_RUNPATH_SEARCH_PATHS = "$(inherited) @executable_path/Frameworks";
				PRODUCT_BUNDLE_IDENTIFIER = com.southgis.SCMultipleTableView;
				PRODUCT_NAME = "$(TARGET_NAME)";
			};
			name = Release;
		};
		98648F7C1CF1EF31009365C5 /* Debug */ = {
			isa = XCBuildConfiguration;
			buildSettings = {
				BUNDLE_LOADER = "$(TEST_HOST)";
				INFOPLIST_FILE = SCMultipleTableViewTests/Info.plist;
				LD_RUNPATH_SEARCH_PATHS = "$(inherited) @executable_path/Frameworks @loader_path/Frameworks";
				PRODUCT_BUNDLE_IDENTIFIER = com.southgis.SCMultipleTableViewTests;
				PRODUCT_NAME = "$(TARGET_NAME)";
				TEST_HOST = "$(BUILT_PRODUCTS_DIR)/SCMultipleTableView.app/SCMultipleTableView";
			};
			name = Debug;
		};
		98648F7D1CF1EF31009365C5 /* Release */ = {
			isa = XCBuildConfiguration;
			buildSettings = {
				BUNDLE_LOADER = "$(TEST_HOST)";
				INFOPLIST_FILE = SCMultipleTableViewTests/Info.plist;
				LD_RUNPATH_SEARCH_PATHS = "$(inherited) @executable_path/Frameworks @loader_path/Frameworks";
				PRODUCT_BUNDLE_IDENTIFIER = com.southgis.SCMultipleTableViewTests;
				PRODUCT_NAME = "$(TARGET_NAME)";
				TEST_HOST = "$(BUILT_PRODUCTS_DIR)/SCMultipleTableView.app/SCMultipleTableView";
			};
			name = Release;
		};
		98648F7F1CF1EF31009365C5 /* Debug */ = {
			isa = XCBuildConfiguration;
			buildSettings = {
				INFOPLIST_FILE = SCMultipleTableViewUITests/Info.plist;
				LD_RUNPATH_SEARCH_PATHS = "$(inherited) @executable_path/Frameworks @loader_path/Frameworks";
				PRODUCT_BUNDLE_IDENTIFIER = com.southgis.SCMultipleTableViewUITests;
				PRODUCT_NAME = "$(TARGET_NAME)";
				TEST_TARGET_NAME = SCMultipleTableView;
			};
			name = Debug;
		};
		98648F801CF1EF31009365C5 /* Release */ = {
			isa = XCBuildConfiguration;
			buildSettings = {
				INFOPLIST_FILE = SCMultipleTableViewUITests/Info.plist;
				LD_RUNPATH_SEARCH_PATHS = "$(inherited) @executable_path/Frameworks @loader_path/Frameworks";
				PRODUCT_BUNDLE_IDENTIFIER = com.southgis.SCMultipleTableViewUITests;
				PRODUCT_NAME = "$(TARGET_NAME)";
				TEST_TARGET_NAME = SCMultipleTableView;
			};
			name = Release;
		};
/* End XCBuildConfiguration section */

/* Begin XCConfigurationList section */
		98648F4B1CF1EF30009365C5 /* Build configuration list for PBXProject "SCMultipleTableView" */ = {
			isa = XCConfigurationList;
			buildConfigurations = (
				98648F761CF1EF31009365C5 /* Debug */,
				98648F771CF1EF31009365C5 /* Release */,
			);
			defaultConfigurationIsVisible = 0;
			defaultConfigurationName = Release;
		};
		98648F781CF1EF31009365C5 /* Build configuration list for PBXNativeTarget "SCMultipleTableView" */ = {
			isa = XCConfigurationList;
			buildConfigurations = (
				98648F791CF1EF31009365C5 /* Debug */,
				98648F7A1CF1EF31009365C5 /* Release */,
			);
			defaultConfigurationIsVisible = 0;
		};
		98648F7B1CF1EF31009365C5 /* Build configuration list for PBXNativeTarget "SCMultipleTableViewTests" */ = {
			isa = XCConfigurationList;
			buildConfigurations = (
				98648F7C1CF1EF31009365C5 /* Debug */,
				98648F7D1CF1EF31009365C5 /* Release */,
			);
			defaultConfigurationIsVisible = 0;
		};
		98648F7E1CF1EF31009365C5 /* Build configuration list for PBXNativeTarget "SCMultipleTableViewUITests" */ = {
			isa = XCConfigurationList;
			buildConfigurations = (
				98648F7F1CF1EF31009365C5 /* Debug */,
				98648F801CF1EF31009365C5 /* Release */,
			);
			defaultConfigurationIsVisible = 0;
		};
/* End XCConfigurationList section */
	};
	rootObject = 98648F481CF1EF30009365C5 /* Project object */;
}
